
Microsoft Visual Studio Solution File, Format Version 12.00
# Visual Studio Version 17
VisualStudioVersion = 17.13.35919.96 d17.13
MinimumVisualStudioVersion = 10.0.40219.1
Project("{FAE04EC0-301F-11D3-BF4B-00C04F79EFBC}") = "BloodDonationSupportSystem", "BloodDonationSupportSystem\BloodDonationSupportSystem.csproj", "{305697F9-E31A-4FAC-82D6-79FE5BD794BE}"
EndProject
Project("{FAE04EC0-301F-11D3-BF4B-00C04F79EFBC}") = "BusinessObjects", "BusinessObjects\BusinessObjects.csproj", "{445D61B9-8076-4E40-BC3E-1374A56214F0}"
EndProject
Project("{FAE04EC0-301F-11D3-BF4B-00C04F79EFBC}") = "Repositories", "Repositories\Repositories.csproj", "{9592B8EE-B311-4F97-95AB-324625AB6B85}"
EndProject
Project("{FAE04EC0-301F-11D3-BF4B-00C04F79EFBC}") = "Services", "Services\Services.csproj", "{364BFE44-50E5-4136-BAF7-4403D9312B19}"
EndProject
Project("{FAE04EC0-301F-11D3-BF4B-00C04F79EFBC}") = "Shared", "Shared\Shared.csproj", "{16486AA5-311E-4EA6-8425-A918405CEC95}"
EndProject
Global
	GlobalSection(SolutionConfigurationPlatforms) = preSolution
		Debug|Any CPU = Debug|Any CPU
		Release|Any CPU = Release|Any CPU
	EndGlobalSection
	GlobalSection(ProjectConfigurationPlatforms) = postSolution
		{305697F9-E31A-4FAC-82D6-79FE5BD794BE}.Debug|Any CPU.ActiveCfg = Debug|Any CPU
		{305697F9-E31A-4FAC-82D6-79FE5BD794BE}.Debug|Any CPU.Build.0 = Debug|Any CPU
		{305697F9-E31A-4FAC-82D6-79FE5BD794BE}.Release|Any CPU.ActiveCfg = Release|Any CPU
		{305697F9-E31A-4FAC-82D6-79FE5BD794BE}.Release|Any CPU.Build.0 = Release|Any CPU
		{445D61B9-8076-4E40-BC3E-1374A56214F0}.Debug|Any CPU.ActiveCfg = Debug|Any CPU
		{445D61B9-8076-4E40-BC3E-1374A56214F0}.Debug|Any CPU.Build.0 = Debug|Any CPU
		{445D61B9-8076-4E40-BC3E-1374A56214F0}.Release|Any CPU.ActiveCfg = Release|Any CPU
		{445D61B9-8076-4E40-BC3E-1374A56214F0}.Release|Any CPU.Build.0 = Release|Any CPU
		{9592B8EE-B311-4F97-95AB-324625AB6B85}.Debug|Any CPU.ActiveCfg = Debug|Any CPU
		{9592B8EE-B311-4F97-95AB-324625AB6B85}.Debug|Any CPU.Build.0 = Debug|Any CPU
		{9592B8EE-B311-4F97-95AB-324625AB6B85}.Release|Any CPU.ActiveCfg = Release|Any CPU
		{9592B8EE-B311-4F97-95AB-324625AB6B85}.Release|Any CPU.Build.0 = Release|Any CPU
		{364BFE44-50E5-4136-BAF7-4403D9312B19}.Debug|Any CPU.ActiveCfg = Debug|Any CPU
		{364BFE44-50E5-4136-BAF7-4403D9312B19}.Debug|Any CPU.Build.0 = Debug|Any CPU
		{364BFE44-50E5-4136-BAF7-4403D9312B19}.Release|Any CPU.ActiveCfg = Release|Any CPU
		{364BFE44-50E5-4136-BAF7-4403D9312B19}.Release|Any CPU.Build.0 = Release|Any CPU
		{16486AA5-311E-4EA6-8425-A918405CEC95}.Debug|Any CPU.ActiveCfg = Debug|Any CPU
		{16486AA5-311E-4EA6-8425-A918405CEC95}.Debug|Any CPU.Build.0 = Debug|Any CPU
		{16486AA5-311E-4EA6-8425-A918405CEC95}.Release|Any CPU.ActiveCfg = Release|Any CPU
		{16486AA5-311E-4EA6-8425-A918405CEC95}.Release|Any CPU.Build.0 = Release|Any CPU
	EndGlobalSection
	GlobalSection(SolutionProperties) = preSolution
		HideSolutionNode = FALSE
	EndGlobalSection
	GlobalSection(ExtensibilityGlobals) = postSolution
		SolutionGuid = {79285108-C8FD-4E5A-9F6E-BDFAA4247659}
	EndGlobalSection
EndGlobal
